// !$*UTF8*$!
{
	archiveVersion = 1;
	classes = {
	};
	objectVersion = 51;
	objects = {

/* Begin PBXBuildFile section */
		222B54BACADCD1CEA7F8292E /* Pods_Pursuitstagram_Project.framework in Frameworks */ = {isa = PBXBuildFile; fileRef = C6D19B73F097EF313FCC8CB2 /* Pods_Pursuitstagram_Project.framework */; };
		907142E96DBFEA6C3D35EE38 /* Pods_Pursuitstagram_ProjectTests.framework in Frameworks */ = {isa = PBXBuildFile; fileRef = C3E64D57A30A3156A0ED8719 /* Pods_Pursuitstagram_ProjectTests.framework */; };
		A54784FF2386DB5900FB3306 /* AppDelegate.swift in Sources */ = {isa = PBXBuildFile; fileRef = A54784FE2386DB5900FB3306 /* AppDelegate.swift */; };
		A54785012386DB5900FB3306 /* SceneDelegate.swift in Sources */ = {isa = PBXBuildFile; fileRef = A54785002386DB5900FB3306 /* SceneDelegate.swift */; };
		A54785092386DB5900FB3306 /* Pursuitstagram_Project.xcdatamodeld in Sources */ = {isa = PBXBuildFile; fileRef = A54785072386DB5900FB3306 /* Pursuitstagram_Project.xcdatamodeld */; };
		A547850B2386DB5F00FB3306 /* Assets.xcassets in Resources */ = {isa = PBXBuildFile; fileRef = A547850A2386DB5F00FB3306 /* Assets.xcassets */; };
		A547850E2386DB5F00FB3306 /* LaunchScreen.storyboard in Resources */ = {isa = PBXBuildFile; fileRef = A547850C2386DB5F00FB3306 /* LaunchScreen.storyboard */; };
		A54785192386DB5F00FB3306 /* Pursuitstagram_ProjectTests.swift in Sources */ = {isa = PBXBuildFile; fileRef = A54785182386DB5F00FB3306 /* Pursuitstagram_ProjectTests.swift */; };
		A54785622388BDD800FB3306 /* LogInVC.swift in Sources */ = {isa = PBXBuildFile; fileRef = A54785612388BDD800FB3306 /* LogInVC.swift */; };
		A54785642388D9F300FB3306 /* CreateAccountVC.swift in Sources */ = {isa = PBXBuildFile; fileRef = A54785632388D9F300FB3306 /* CreateAccountVC.swift */; };
		A54785662388DA7700FB3306 /* ProfileVC.swift in Sources */ = {isa = PBXBuildFile; fileRef = A54785652388DA7700FB3306 /* ProfileVC.swift */; };
		A54785682388DB0400FB3306 /* FeedVC.swift in Sources */ = {isa = PBXBuildFile; fileRef = A54785672388DB0400FB3306 /* FeedVC.swift */; };
		A547856A2388DB6100FB3306 /* ImageUploadVC.swift in Sources */ = {isa = PBXBuildFile; fileRef = A54785692388DB6100FB3306 /* ImageUploadVC.swift */; };
		A547856C2388DBC900FB3306 /* ImageDVC.swift in Sources */ = {isa = PBXBuildFile; fileRef = A547856B2388DBC900FB3306 /* ImageDVC.swift */; };
		A547856F238AF02200FB3306 /* FeedCVCell.swift in Sources */ = {isa = PBXBuildFile; fileRef = A547856E238AF02200FB3306 /* FeedCVCell.swift */; };
		A5478572238B330100FB3306 /* FirebaseAuthService.swift in Sources */ = {isa = PBXBuildFile; fileRef = A5478571238B330100FB3306 /* FirebaseAuthService.swift */; };
		A5478574238B337C00FB3306 /* FirestoreService.swift in Sources */ = {isa = PBXBuildFile; fileRef = A5478573238B337C00FB3306 /* FirestoreService.swift */; };
		A5478577238B38F700FB3306 /* String+Extensions.swift in Sources */ = {isa = PBXBuildFile; fileRef = A5478576238B38F700FB3306 /* String+Extensions.swift */; };
		A547857C238B3C2300FB3306 /* AppUser.swift in Sources */ = {isa = PBXBuildFile; fileRef = A547857B238B3C2300FB3306 /* AppUser.swift */; };
		A547857E238B5A5200FB3306 /* Post.swift in Sources */ = {isa = PBXBuildFile; fileRef = A547857D238B5A5200FB3306 /* Post.swift */; };
		A5478584238C1C7500FB3306 /* PursuitstagramTBController.swift in Sources */ = {isa = PBXBuildFile; fileRef = A5478583238C1C7500FB3306 /* PursuitstagramTBController.swift */; };
		A5911410238F1693007ED13F /* GoogleService-Info.plist in Resources */ = {isa = PBXBuildFile; fileRef = A591140F238F1693007ED13F /* GoogleService-Info.plist */; };
		A5911412238F4E06007ED13F /* FirebaseStorageService.swift in Sources */ = {isa = PBXBuildFile; fileRef = A5911411238F4E06007ED13F /* FirebaseStorageService.swift */; };
/* End PBXBuildFile section */

/* Begin PBXContainerItemProxy section */
		A54785152386DB5F00FB3306 /* PBXContainerItemProxy */ = {
			isa = PBXContainerItemProxy;
			containerPortal = A54784F32386DB5900FB3306 /* Project object */;
			proxyType = 1;
			remoteGlobalIDString = A54784FA2386DB5900FB3306;
			remoteInfo = "Pursuitstagram-Project";
		};
/* End PBXContainerItemProxy section */

/* Begin PBXFileReference section */
		19357167F91AD24E24EE1DE3 /* Pods-Pursuitstagram-ProjectTests.release.xcconfig */ = {isa = PBXFileReference; includeInIndex = 1; lastKnownFileType = text.xcconfig; name = "Pods-Pursuitstagram-ProjectTests.release.xcconfig"; path = "Target Support Files/Pods-Pursuitstagram-ProjectTests/Pods-Pursuitstagram-ProjectTests.release.xcconfig"; sourceTree = "<group>"; };
		A29E862EFFEF507C54926D28 /* Pods-Pursuitstagram-Project.debug.xcconfig */ = {isa = PBXFileReference; includeInIndex = 1; lastKnownFileType = text.xcconfig; name = "Pods-Pursuitstagram-Project.debug.xcconfig"; path = "Target Support Files/Pods-Pursuitstagram-Project/Pods-Pursuitstagram-Project.debug.xcconfig"; sourceTree = "<group>"; };
		A54784FB2386DB5900FB3306 /* Pursuitstagram-Project.app */ = {isa = PBXFileReference; explicitFileType = wrapper.application; includeInIndex = 0; path = "Pursuitstagram-Project.app"; sourceTree = BUILT_PRODUCTS_DIR; };
		A54784FE2386DB5900FB3306 /* AppDelegate.swift */ = {isa = PBXFileReference; lastKnownFileType = sourcecode.swift; path = AppDelegate.swift; sourceTree = "<group>"; };
		A54785002386DB5900FB3306 /* SceneDelegate.swift */ = {isa = PBXFileReference; lastKnownFileType = sourcecode.swift; path = SceneDelegate.swift; sourceTree = "<group>"; };
		A54785082386DB5900FB3306 /* Pursuitstagram_Project.xcdatamodel */ = {isa = PBXFileReference; lastKnownFileType = wrapper.xcdatamodel; path = Pursuitstagram_Project.xcdatamodel; sourceTree = "<group>"; };
		A547850A2386DB5F00FB3306 /* Assets.xcassets */ = {isa = PBXFileReference; lastKnownFileType = folder.assetcatalog; path = Assets.xcassets; sourceTree = "<group>"; };
		A547850D2386DB5F00FB3306 /* Base */ = {isa = PBXFileReference; lastKnownFileType = file.storyboard; name = Base; path = Base.lproj/LaunchScreen.storyboard; sourceTree = "<group>"; };
		A547850F2386DB5F00FB3306 /* Info.plist */ = {isa = PBXFileReference; lastKnownFileType = text.plist.xml; path = Info.plist; sourceTree = "<group>"; };
		A54785142386DB5F00FB3306 /* Pursuitstagram-ProjectTests.xctest */ = {isa = PBXFileReference; explicitFileType = wrapper.cfbundle; includeInIndex = 0; path = "Pursuitstagram-ProjectTests.xctest"; sourceTree = BUILT_PRODUCTS_DIR; };
		A54785182386DB5F00FB3306 /* Pursuitstagram_ProjectTests.swift */ = {isa = PBXFileReference; lastKnownFileType = sourcecode.swift; path = Pursuitstagram_ProjectTests.swift; sourceTree = "<group>"; };
		A547851A2386DB5F00FB3306 /* Info.plist */ = {isa = PBXFileReference; lastKnownFileType = text.plist.xml; path = Info.plist; sourceTree = "<group>"; };
		A54785612388BDD800FB3306 /* LogInVC.swift */ = {isa = PBXFileReference; lastKnownFileType = sourcecode.swift; path = LogInVC.swift; sourceTree = "<group>"; };
		A54785632388D9F300FB3306 /* CreateAccountVC.swift */ = {isa = PBXFileReference; lastKnownFileType = sourcecode.swift; path = CreateAccountVC.swift; sourceTree = "<group>"; };
		A54785652388DA7700FB3306 /* ProfileVC.swift */ = {isa = PBXFileReference; lastKnownFileType = sourcecode.swift; path = ProfileVC.swift; sourceTree = "<group>"; };
		A54785672388DB0400FB3306 /* FeedVC.swift */ = {isa = PBXFileReference; lastKnownFileType = sourcecode.swift; path = FeedVC.swift; sourceTree = "<group>"; };
		A54785692388DB6100FB3306 /* ImageUploadVC.swift */ = {isa = PBXFileReference; lastKnownFileType = sourcecode.swift; path = ImageUploadVC.swift; sourceTree = "<group>"; };
		A547856B2388DBC900FB3306 /* ImageDVC.swift */ = {isa = PBXFileReference; lastKnownFileType = sourcecode.swift; path = ImageDVC.swift; sourceTree = "<group>"; };
		A547856E238AF02200FB3306 /* FeedCVCell.swift */ = {isa = PBXFileReference; lastKnownFileType = sourcecode.swift; path = FeedCVCell.swift; sourceTree = "<group>"; };
		A5478571238B330100FB3306 /* FirebaseAuthService.swift */ = {isa = PBXFileReference; lastKnownFileType = sourcecode.swift; path = FirebaseAuthService.swift; sourceTree = "<group>"; };
		A5478573238B337C00FB3306 /* FirestoreService.swift */ = {isa = PBXFileReference; lastKnownFileType = sourcecode.swift; path = FirestoreService.swift; sourceTree = "<group>"; };
		A5478576238B38F700FB3306 /* String+Extensions.swift */ = {isa = PBXFileReference; lastKnownFileType = sourcecode.swift; path = "String+Extensions.swift"; sourceTree = "<group>"; };
		A547857B238B3C2300FB3306 /* AppUser.swift */ = {isa = PBXFileReference; lastKnownFileType = sourcecode.swift; path = AppUser.swift; sourceTree = "<group>"; };
		A547857D238B5A5200FB3306 /* Post.swift */ = {isa = PBXFileReference; lastKnownFileType = sourcecode.swift; path = Post.swift; sourceTree = "<group>"; };
		A5478583238C1C7500FB3306 /* PursuitstagramTBController.swift */ = {isa = PBXFileReference; lastKnownFileType = sourcecode.swift; path = PursuitstagramTBController.swift; sourceTree = "<group>"; };
		A591140F238F1693007ED13F /* GoogleService-Info.plist */ = {isa = PBXFileReference; fileEncoding = 4; lastKnownFileType = text.plist.xml; name = "GoogleService-Info.plist"; path = "../../../../Documents/GoogleService-Info.plist"; sourceTree = "<group>"; };
		A5911411238F4E06007ED13F /* FirebaseStorageService.swift */ = {isa = PBXFileReference; lastKnownFileType = sourcecode.swift; path = FirebaseStorageService.swift; sourceTree = "<group>"; };
		C3E64D57A30A3156A0ED8719 /* Pods_Pursuitstagram_ProjectTests.framework */ = {isa = PBXFileReference; explicitFileType = wrapper.framework; includeInIndex = 0; path = Pods_Pursuitstagram_ProjectTests.framework; sourceTree = BUILT_PRODUCTS_DIR; };
		C52D1BC57206230CA3722326 /* Pods-Pursuitstagram-Project.release.xcconfig */ = {isa = PBXFileReference; includeInIndex = 1; lastKnownFileType = text.xcconfig; name = "Pods-Pursuitstagram-Project.release.xcconfig"; path = "Target Support Files/Pods-Pursuitstagram-Project/Pods-Pursuitstagram-Project.release.xcconfig"; sourceTree = "<group>"; };
		C6D19B73F097EF313FCC8CB2 /* Pods_Pursuitstagram_Project.framework */ = {isa = PBXFileReference; explicitFileType = wrapper.framework; includeInIndex = 0; path = Pods_Pursuitstagram_Project.framework; sourceTree = BUILT_PRODUCTS_DIR; };
		DEAA35A28F5BA722205DAB45 /* Pods-Pursuitstagram-ProjectTests.debug.xcconfig */ = {isa = PBXFileReference; includeInIndex = 1; lastKnownFileType = text.xcconfig; name = "Pods-Pursuitstagram-ProjectTests.debug.xcconfig"; path = "Target Support Files/Pods-Pursuitstagram-ProjectTests/Pods-Pursuitstagram-ProjectTests.debug.xcconfig"; sourceTree = "<group>"; };
/* End PBXFileReference section */

/* Begin PBXFrameworksBuildPhase section */
		A54784F82386DB5900FB3306 /* Frameworks */ = {
			isa = PBXFrameworksBuildPhase;
			buildActionMask = 2147483647;
			files = (
				222B54BACADCD1CEA7F8292E /* Pods_Pursuitstagram_Project.framework in Frameworks */,
			);
			runOnlyForDeploymentPostprocessing = 0;
		};
		A54785112386DB5F00FB3306 /* Frameworks */ = {
			isa = PBXFrameworksBuildPhase;
			buildActionMask = 2147483647;
			files = (
				907142E96DBFEA6C3D35EE38 /* Pods_Pursuitstagram_ProjectTests.framework in Frameworks */,
			);
			runOnlyForDeploymentPostprocessing = 0;
		};
/* End PBXFrameworksBuildPhase section */

/* Begin PBXGroup section */
		9EEC14361E0E54E2EA21B35D /* Pods */ = {
			isa = PBXGroup;
			children = (
				A29E862EFFEF507C54926D28 /* Pods-Pursuitstagram-Project.debug.xcconfig */,
				C52D1BC57206230CA3722326 /* Pods-Pursuitstagram-Project.release.xcconfig */,
				DEAA35A28F5BA722205DAB45 /* Pods-Pursuitstagram-ProjectTests.debug.xcconfig */,
				19357167F91AD24E24EE1DE3 /* Pods-Pursuitstagram-ProjectTests.release.xcconfig */,
			);
			path = Pods;
			sourceTree = "<group>";
		};
		A54784F22386DB5900FB3306 = {
			isa = PBXGroup;
			children = (
				A54784FD2386DB5900FB3306 /* Pursuitstagram-Project */,
				A54785172386DB5F00FB3306 /* Pursuitstagram-ProjectTests */,
				A54784FC2386DB5900FB3306 /* Products */,
				9EEC14361E0E54E2EA21B35D /* Pods */,
				E1E7686F7B04F6FE0136D1D2 /* Frameworks */,
			);
			sourceTree = "<group>";
		};
		A54784FC2386DB5900FB3306 /* Products */ = {
			isa = PBXGroup;
			children = (
				A54784FB2386DB5900FB3306 /* Pursuitstagram-Project.app */,
				A54785142386DB5F00FB3306 /* Pursuitstagram-ProjectTests.xctest */,
			);
			name = Products;
			sourceTree = "<group>";
		};
		A54784FD2386DB5900FB3306 /* Pursuitstagram-Project */ = {
			isa = PBXGroup;
			children = (
				A547857A238B3B8600FB3306 /* Models */,
				A5478575238B389300FB3306 /* Utilities */,
				A5478570238B328300FB3306 /* Firebase */,
				A547856D238AEFF300FB3306 /* Views */,
				A547855F2388B9AA00FB3306 /* Controllers */,
				A54785602388BA5400FB3306 /* SupportingFiles */,
				A547850A2386DB5F00FB3306 /* Assets.xcassets */,
				A591140F238F1693007ED13F /* GoogleService-Info.plist */,
				A547850F2386DB5F00FB3306 /* Info.plist */,
				A54785072386DB5900FB3306 /* Pursuitstagram_Project.xcdatamodeld */,
			);
			path = "Pursuitstagram-Project";
			sourceTree = "<group>";
		};
		A54785172386DB5F00FB3306 /* Pursuitstagram-ProjectTests */ = {
			isa = PBXGroup;
			children = (
				A54785182386DB5F00FB3306 /* Pursuitstagram_ProjectTests.swift */,
				A547851A2386DB5F00FB3306 /* Info.plist */,
			);
			path = "Pursuitstagram-ProjectTests";
			sourceTree = "<group>";
		};
		A547855F2388B9AA00FB3306 /* Controllers */ = {
			isa = PBXGroup;
			children = (
				A5478585238C37F500FB3306 /* Authentication */,
				A54785652388DA7700FB3306 /* ProfileVC.swift */,
				A54785672388DB0400FB3306 /* FeedVC.swift */,
				A54785692388DB6100FB3306 /* ImageUploadVC.swift */,
				A547856B2388DBC900FB3306 /* ImageDVC.swift */,
				A5478583238C1C7500FB3306 /* PursuitstagramTBController.swift */,
			);
			path = Controllers;
			sourceTree = "<group>";
		};
		A54785602388BA5400FB3306 /* SupportingFiles */ = {
			isa = PBXGroup;
			children = (
				A54784FE2386DB5900FB3306 /* AppDelegate.swift */,
				A54785002386DB5900FB3306 /* SceneDelegate.swift */,
				A547850C2386DB5F00FB3306 /* LaunchScreen.storyboard */,
			);
			path = SupportingFiles;
			sourceTree = "<group>";
		};
		A547856D238AEFF300FB3306 /* Views */ = {
			isa = PBXGroup;
			children = (
				A547856E238AF02200FB3306 /* FeedCVCell.swift */,
			);
			path = Views;
			sourceTree = "<group>";
		};
		A5478570238B328300FB3306 /* Firebase */ = {
			isa = PBXGroup;
			children = (
				A5478571238B330100FB3306 /* FirebaseAuthService.swift */,
				A5478573238B337C00FB3306 /* FirestoreService.swift */,
				A5911411238F4E06007ED13F /* FirebaseStorageService.swift */,
			);
			path = Firebase;
			sourceTree = "<group>";
		};
		A5478575238B389300FB3306 /* Utilities */ = {
			isa = PBXGroup;
			children = (
				A5478576238B38F700FB3306 /* String+Extensions.swift */,
			);
			path = Utilities;
			sourceTree = "<group>";
		};
		A547857A238B3B8600FB3306 /* Models */ = {
			isa = PBXGroup;
			children = (
				A547857B238B3C2300FB3306 /* AppUser.swift */,
				A547857D238B5A5200FB3306 /* Post.swift */,
			);
			path = Models;
			sourceTree = "<group>";
		};
		A5478585238C37F500FB3306 /* Authentication */ = {
			isa = PBXGroup;
			children = (
				A54785612388BDD800FB3306 /* LogInVC.swift */,
				A54785632388D9F300FB3306 /* CreateAccountVC.swift */,
			);
			path = Authentication;
			sourceTree = "<group>";
		};
		E1E7686F7B04F6FE0136D1D2 /* Frameworks */ = {
			isa = PBXGroup;
			children = (
				C6D19B73F097EF313FCC8CB2 /* Pods_Pursuitstagram_Project.framework */,
				C3E64D57A30A3156A0ED8719 /* Pods_Pursuitstagram_ProjectTests.framework */,
			);
			name = Frameworks;
			sourceTree = "<group>";
		};
/* End PBXGroup section */

/* Begin PBXNativeTarget section */
		A54784FA2386DB5900FB3306 /* Pursuitstagram-Project */ = {
			isa = PBXNativeTarget;
			buildConfigurationList = A547851D2386DB5F00FB3306 /* Build configuration list for PBXNativeTarget "Pursuitstagram-Project" */;
			buildPhases = (
				C62B6EF1DA980734FD8F0AB5 /* [CP] Check Pods Manifest.lock */,
				A54784F72386DB5900FB3306 /* Sources */,
				A54784F82386DB5900FB3306 /* Frameworks */,
				A54784F92386DB5900FB3306 /* Resources */,
				7E1FC5788834A4F02A3AA3CD /* [CP] Embed Pods Frameworks */,
			);
			buildRules = (
			);
			dependencies = (
			);
			name = "Pursuitstagram-Project";
			productName = "Pursuitstagram-Project";
			productReference = A54784FB2386DB5900FB3306 /* Pursuitstagram-Project.app */;
			productType = "com.apple.product-type.application";
		};
		A54785132386DB5F00FB3306 /* Pursuitstagram-ProjectTests */ = {
			isa = PBXNativeTarget;
			buildConfigurationList = A54785202386DB5F00FB3306 /* Build configuration list for PBXNativeTarget "Pursuitstagram-ProjectTests" */;
			buildPhases = (
				736613444CD6283EB6597D45 /* [CP] Check Pods Manifest.lock */,
				A54785102386DB5F00FB3306 /* Sources */,
				A54785112386DB5F00FB3306 /* Frameworks */,
				A54785122386DB5F00FB3306 /* Resources */,
			);
			buildRules = (
			);
			dependencies = (
				A54785162386DB5F00FB3306 /* PBXTargetDependency */,
			);
			name = "Pursuitstagram-ProjectTests";
			productName = "Pursuitstagram-ProjectTests";
			productReference = A54785142386DB5F00FB3306 /* Pursuitstagram-ProjectTests.xctest */;
			productType = "com.apple.product-type.bundle.unit-test";
		};
/* End PBXNativeTarget section */

/* Begin PBXProject section */
		A54784F32386DB5900FB3306 /* Project object */ = {
			isa = PBXProject;
			attributes = {
				LastSwiftUpdateCheck = 1110;
				LastUpgradeCheck = 1110;
				ORGANIZATIONNAME = "Liana Norman";
				TargetAttributes = {
					A54784FA2386DB5900FB3306 = {
						CreatedOnToolsVersion = 11.1;
					};
					A54785132386DB5F00FB3306 = {
						CreatedOnToolsVersion = 11.1;
						TestTargetID = A54784FA2386DB5900FB3306;
					};
				};
			};
			buildConfigurationList = A54784F62386DB5900FB3306 /* Build configuration list for PBXProject "Pursuitstagram-Project" */;
			compatibilityVersion = "Xcode 9.3";
			developmentRegion = en;
			hasScannedForEncodings = 0;
			knownRegions = (
				en,
				Base,
			);
			mainGroup = A54784F22386DB5900FB3306;
			productRefGroup = A54784FC2386DB5900FB3306 /* Products */;
			projectDirPath = "";
			projectRoot = "";
			targets = (
				A54784FA2386DB5900FB3306 /* Pursuitstagram-Project */,
				A54785132386DB5F00FB3306 /* Pursuitstagram-ProjectTests */,
			);
		};
/* End PBXProject section */

/* Begin PBXResourcesBuildPhase section */
		A54784F92386DB5900FB3306 /* Resources */ = {
			isa = PBXResourcesBuildPhase;
			buildActionMask = 2147483647;
			files = (
				A547850E2386DB5F00FB3306 /* LaunchScreen.storyboard in Resources */,
				A547850B2386DB5F00FB3306 /* Assets.xcassets in Resources */,
				A5911410238F1693007ED13F /* GoogleService-Info.plist in Resources */,
			);
			runOnlyForDeploymentPostprocessing = 0;
		};
		A54785122386DB5F00FB3306 /* Resources */ = {
			isa = PBXResourcesBuildPhase;
			buildActionMask = 2147483647;
			files = (
			);
			runOnlyForDeploymentPostprocessing = 0;
		};
/* End PBXResourcesBuildPhase section */

/* Begin PBXShellScriptBuildPhase section */
		736613444CD6283EB6597D45 /* [CP] Check Pods Manifest.lock */ = {
			isa = PBXShellScriptBuildPhase;
			buildActionMask = 2147483647;
			files = (
			);
			inputFileListPaths = (
			);
			inputPaths = (
				"${PODS_PODFILE_DIR_PATH}/Podfile.lock",
				"${PODS_ROOT}/Manifest.lock",
			);
			name = "[CP] Check Pods Manifest.lock";
			outputFileListPaths = (
			);
			outputPaths = (
				"$(DERIVED_FILE_DIR)/Pods-Pursuitstagram-ProjectTests-checkManifestLockResult.txt",
			);
			runOnlyForDeploymentPostprocessing = 0;
			shellPath = /bin/sh;
			shellScript = "diff \"${PODS_PODFILE_DIR_PATH}/Podfile.lock\" \"${PODS_ROOT}/Manifest.lock\" > /dev/null\nif [ $? != 0 ] ; then\n    # print error to STDERR\n    echo \"error: The sandbox is not in sync with the Podfile.lock. Run 'pod install' or update your CocoaPods installation.\" >&2\n    exit 1\nfi\n# This output is used by Xcode 'outputs' to avoid re-running this script phase.\necho \"SUCCESS\" > \"${SCRIPT_OUTPUT_FILE_0}\"\n";
			showEnvVarsInLog = 0;
		};
		7E1FC5788834A4F02A3AA3CD /* [CP] Embed Pods Frameworks */ = {
			isa = PBXShellScriptBuildPhase;
			buildActionMask = 2147483647;
			files = (
			);
			inputFileListPaths = (
				"${PODS_ROOT}/Target Support Files/Pods-Pursuitstagram-Project/Pods-Pursuitstagram-Project-frameworks-${CONFIGURATION}-input-files.xcfilelist",
			);
			name = "[CP] Embed Pods Frameworks";
			outputFileListPaths = (
				"${PODS_ROOT}/Target Support Files/Pods-Pursuitstagram-Project/Pods-Pursuitstagram-Project-frameworks-${CONFIGURATION}-output-files.xcfilelist",
			);
			runOnlyForDeploymentPostprocessing = 0;
			shellPath = /bin/sh;
			shellScript = "\"${PODS_ROOT}/Target Support Files/Pods-Pursuitstagram-Project/Pods-Pursuitstagram-Project-frameworks.sh\"\n";
			showEnvVarsInLog = 0;
		};
		C62B6EF1DA980734FD8F0AB5 /* [CP] Check Pods Manifest.lock */ = {
			isa = PBXShellScriptBuildPhase;
			buildActionMask = 2147483647;
			files = (
			);
			inputFileListPaths = (
			);
			inputPaths = (
				"${PODS_PODFILE_DIR_PATH}/Podfile.lock",
				"${PODS_ROOT}/Manifest.lock",
			);
			name = "[CP] Check Pods Manifest.lock";
			outputFileListPaths = (
			);
			outputPaths = (
				"$(DERIVED_FILE_DIR)/Pods-Pursuitstagram-Project-checkManifestLockResult.txt",
			);
			runOnlyForDeploymentPostprocessing = 0;
			shellPath = /bin/sh;
			shellScript = "diff \"${PODS_PODFILE_DIR_PATH}/Podfile.lock\" \"${PODS_ROOT}/Manifest.lock\" > /dev/null\nif [ $? != 0 ] ; then\n    # print error to STDERR\n    echo \"error: The sandbox is not in sync with the Podfile.lock. Run 'pod install' or update your CocoaPods installation.\" >&2\n    exit 1\nfi\n# This output is used by Xcode 'outputs' to avoid re-running this script phase.\necho \"SUCCESS\" > \"${SCRIPT_OUTPUT_FILE_0}\"\n";
			showEnvVarsInLog = 0;
		};
/* End PBXShellScriptBuildPhase section */

/* Begin PBXSourcesBuildPhase section */
		A54784F72386DB5900FB3306 /* Sources */ = {
			isa = PBXSourcesBuildPhase;
			buildActionMask = 2147483647;
			files = (
				A5478584238C1C7500FB3306 /* PursuitstagramTBController.swift in Sources */,
				A547857C238B3C2300FB3306 /* AppUser.swift in Sources */,
				A547856C2388DBC900FB3306 /* ImageDVC.swift in Sources */,
				A5478577238B38F700FB3306 /* String+Extensions.swift in Sources */,
				A5478574238B337C00FB3306 /* FirestoreService.swift in Sources */,
				A54785662388DA7700FB3306 /* ProfileVC.swift in Sources */,
				A54785682388DB0400FB3306 /* FeedVC.swift in Sources */,
				A5911412238F4E06007ED13F /* FirebaseStorageService.swift in Sources */,
				A54785092386DB5900FB3306 /* Pursuitstagram_Project.xcdatamodeld in Sources */,
				A5478572238B330100FB3306 /* FirebaseAuthService.swift in Sources */,
				A54784FF2386DB5900FB3306 /* AppDelegate.swift in Sources */,
				A547857E238B5A5200FB3306 /* Post.swift in Sources */,
				A54785622388BDD800FB3306 /* LogInVC.swift in Sources */,
				A547856F238AF02200FB3306 /* FeedCVCell.swift in Sources */,
				A54785642388D9F300FB3306 /* CreateAccountVC.swift in Sources */,
				A54785012386DB5900FB3306 /* SceneDelegate.swift in Sources */,
				A547856A2388DB6100FB3306 /* ImageUploadVC.swift in Sources */,
			);
			runOnlyForDeploymentPostprocessing = 0;
		};
		A54785102386DB5F00FB3306 /* Sources */ = {
			isa = PBXSourcesBuildPhase;
			buildActionMask = 2147483647;
			files = (
				A54785192386DB5F00FB3306 /* Pursuitstagram_ProjectTests.swift in Sources */,
			);
			runOnlyForDeploymentPostprocessing = 0;
		};
/* End PBXSourcesBuildPhase section */

/* Begin PBXTargetDependency section */
		A54785162386DB5F00FB3306 /* PBXTargetDependency */ = {
			isa = PBXTargetDependency;
			target = A54784FA2386DB5900FB3306 /* Pursuitstagram-Project */;
			targetProxy = A54785152386DB5F00FB3306 /* PBXContainerItemProxy */;
		};
/* End PBXTargetDependency section */

/* Begin PBXVariantGroup section */
		A547850C2386DB5F00FB3306 /* LaunchScreen.storyboard */ = {
			isa = PBXVariantGroup;
			children = (
				A547850D2386DB5F00FB3306 /* Base */,
			);
			name = LaunchScreen.storyboard;
			sourceTree = "<group>";
		};
/* End PBXVariantGroup section */

/* Begin XCBuildConfiguration section */
		A547851B2386DB5F00FB3306 /* Debug */ = {
			isa = XCBuildConfiguration;
			buildSettings = {
				ALWAYS_SEARCH_USER_PATHS = NO;
				CLANG_ANALYZER_NONNULL = YES;
				CLANG_ANALYZER_NUMBER_OBJECT_CONVERSION = YES_AGGRESSIVE;
				CLANG_CXX_LANGUAGE_STANDARD = "gnu++14";
				CLANG_CXX_LIBRARY = "libc++";
				CLANG_ENABLE_MODULES = YES;
				CLANG_ENABLE_OBJC_ARC = YES;
				CLANG_ENABLE_OBJC_WEAK = YES;
				CLANG_WARN_BLOCK_CAPTURE_AUTORELEASING = YES;
				CLANG_WARN_BOOL_CONVERSION = YES;
				CLANG_WARN_COMMA = YES;
				CLANG_WARN_CONSTANT_CONVERSION = YES;
				CLANG_WARN_DEPRECATED_OBJC_IMPLEMENTATIONS = YES;
				CLANG_WARN_DIRECT_OBJC_ISA_USAGE = YES_ERROR;
				CLANG_WARN_DOCUMENTATION_COMMENTS = YES;
				CLANG_WARN_EMPTY_BODY = YES;
				CLANG_WARN_ENUM_CONVERSION = YES;
				CLANG_WARN_INFINITE_RECURSION = YES;
				CLANG_WARN_INT_CONVERSION = YES;
				CLANG_WARN_NON_LITERAL_NULL_CONVERSION = YES;
				CLANG_WARN_OBJC_IMPLICIT_RETAIN_SELF = YES;
				CLANG_WARN_OBJC_LITERAL_CONVERSION = YES;
				CLANG_WARN_OBJC_ROOT_CLASS = YES_ERROR;
				CLANG_WARN_RANGE_LOOP_ANALYSIS = YES;
				CLANG_WARN_STRICT_PROTOTYPES = YES;
				CLANG_WARN_SUSPICIOUS_MOVE = YES;
				CLANG_WARN_UNGUARDED_AVAILABILITY = YES_AGGRESSIVE;
				CLANG_WARN_UNREACHABLE_CODE = YES;
				CLANG_WARN__DUPLICATE_METHOD_MATCH = YES;
				COPY_PHASE_STRIP = NO;
				DEBUG_INFORMATION_FORMAT = dwarf;
				ENABLE_STRICT_OBJC_MSGSEND = YES;
				ENABLE_TESTABILITY = YES;
				GCC_C_LANGUAGE_STANDARD = gnu11;
				GCC_DYNAMIC_NO_PIC = NO;
				GCC_NO_COMMON_BLOCKS = YES;
				GCC_OPTIMIZATION_LEVEL = 0;
				GCC_PREPROCESSOR_DEFINITIONS = (
					"DEBUG=1",
					"$(inherited)",
				);
				GCC_WARN_64_TO_32_BIT_CONVERSION = YES;
				GCC_WARN_ABOUT_RETURN_TYPE = YES_ERROR;
				GCC_WARN_UNDECLARED_SELECTOR = YES;
				GCC_WARN_UNINITIALIZED_AUTOS = YES_AGGRESSIVE;
				GCC_WARN_UNUSED_FUNCTION = YES;
				GCC_WARN_UNUSED_VARIABLE = YES;
				IPHONEOS_DEPLOYMENT_TARGET = 13.1;
				MTL_ENABLE_DEBUG_INFO = INCLUDE_SOURCE;
				MTL_FAST_MATH = YES;
				ONLY_ACTIVE_ARCH = YES;
				SDKROOT = iphoneos;
				SWIFT_ACTIVE_COMPILATION_CONDITIONS = DEBUG;
				SWIFT_OPTIMIZATION_LEVEL = "-Onone";
			};
			name = Debug;
		};
		A547851C2386DB5F00FB3306 /* Release */ = {
			isa = XCBuildConfiguration;
			buildSettings = {
				ALWAYS_SEARCH_USER_PATHS = NO;
				CLANG_ANALYZER_NONNULL = YES;
				CLANG_ANALYZER_NUMBER_OBJECT_CONVERSION = YES_AGGRESSIVE;
				CLANG_CXX_LANGUAGE_STANDARD = "gnu++14";
				CLANG_CXX_LIBRARY = "libc++";
				CLANG_ENABLE_MODULES = YES;
				CLANG_ENABLE_OBJC_ARC = YES;
				CLANG_ENABLE_OBJC_WEAK = YES;
				CLANG_WARN_BLOCK_CAPTURE_AUTORELEASING = YES;
				CLANG_WARN_BOOL_CONVERSION = YES;
				CLANG_WARN_COMMA = YES;
				CLANG_WARN_CONSTANT_CONVERSION = YES;
				CLANG_WARN_DEPRECATED_OBJC_IMPLEMENTATIONS = YES;
				CLANG_WARN_DIRECT_OBJC_ISA_USAGE = YES_ERROR;
				CLANG_WARN_DOCUMENTATION_COMMENTS = YES;
				CLANG_WARN_EMPTY_BODY = YES;
				CLANG_WARN_ENUM_CONVERSION = YES;
				CLANG_WARN_INFINITE_RECURSION = YES;
				CLANG_WARN_INT_CONVERSION = YES;
				CLANG_WARN_NON_LITERAL_NULL_CONVERSION = YES;
				CLANG_WARN_OBJC_IMPLICIT_RETAIN_SELF = YES;
				CLANG_WARN_OBJC_LITERAL_CONVERSION = YES;
				CLANG_WARN_OBJC_ROOT_CLASS = YES_ERROR;
				CLANG_WARN_RANGE_LOOP_ANALYSIS = YES;
				CLANG_WARN_STRICT_PROTOTYPES = YES;
				CLANG_WARN_SUSPICIOUS_MOVE = YES;
				CLANG_WARN_UNGUARDED_AVAILABILITY = YES_AGGRESSIVE;
				CLANG_WARN_UNREACHABLE_CODE = YES;
				CLANG_WARN__DUPLICATE_METHOD_MATCH = YES;
				COPY_PHASE_STRIP = NO;
				DEBUG_INFORMATION_FORMAT = "dwarf-with-dsym";
				ENABLE_NS_ASSERTIONS = NO;
				ENABLE_STRICT_OBJC_MSGSEND = YES;
				GCC_C_LANGUAGE_STANDARD = gnu11;
				GCC_NO_COMMON_BLOCKS = YES;
				GCC_WARN_64_TO_32_BIT_CONVERSION = YES;
				GCC_WARN_ABOUT_RETURN_TYPE = YES_ERROR;
				GCC_WARN_UNDECLARED_SELECTOR = YES;
				GCC_WARN_UNINITIALIZED_AUTOS = YES_AGGRESSIVE;
				GCC_WARN_UNUSED_FUNCTION = YES;
				GCC_WARN_UNUSED_VARIABLE = YES;
				IPHONEOS_DEPLOYMENT_TARGET = 13.1;
				MTL_ENABLE_DEBUG_INFO = NO;
				MTL_FAST_MATH = YES;
				SDKROOT = iphoneos;
				SWIFT_COMPILATION_MODE = wholemodule;
				SWIFT_OPTIMIZATION_LEVEL = "-O";
				VALIDATE_PRODUCT = YES;
			};
			name = Release;
		};
		A547851E2386DB5F00FB3306 /* Debug */ = {
			isa = XCBuildConfiguration;
			baseConfigurationReference = A29E862EFFEF507C54926D28 /* Pods-Pursuitstagram-Project.debug.xcconfig */;
			buildSettings = {
				ASSETCATALOG_COMPILER_APPICON_NAME = AppIcon;
				CODE_SIGN_STYLE = Automatic;
				INFOPLIST_FILE = "Pursuitstagram-Project/Info.plist";
				LD_RUNPATH_SEARCH_PATHS = (
					"$(inherited)",
					"@executable_path/Frameworks",
				);
				PRODUCT_BUNDLE_IDENTIFIER = "Pursuit-Projects.Pursuitstagram-Project";
				PRODUCT_NAME = "$(TARGET_NAME)";
				SWIFT_VERSION = 5.0;
				TARGETED_DEVICE_FAMILY = "1,2";
			};
			name = Debug;
		};
		A547851F2386DB5F00FB3306 /* Release */ = {
			isa = XCBuildConfiguration;
			baseConfigurationReference = C52D1BC57206230CA3722326 /* Pods-Pursuitstagram-Project.release.xcconfig */;
			buildSettings = {
				ASSETCATALOG_COMPILER_APPICON_NAME = AppIcon;
				CODE_SIGN_STYLE = Automatic;
				INFOPLIST_FILE = "Pursuitstagram-Project/Info.plist";
				LD_RUNPATH_SEARCH_PATHS = (
					"$(inherited)",
					"@executable_path/Frameworks",
				);
				PRODUCT_BUNDLE_IDENTIFIER = "Pursuit-Projects.Pursuitstagram-Project";
				PRODUCT_NAME = "$(TARGET_NAME)";
				SWIFT_VERSION = 5.0;
				TARGETED_DEVICE_FAMILY = "1,2";
			};
			name = Release;
		};
		A54785212386DB5F00FB3306 /* Debug */ = {
			isa = XCBuildConfiguration;
			baseConfigurationReference = DEAA35A28F5BA722205DAB45 /* Pods-Pursuitstagram-ProjectTests.debug.xcconfig */;
			buildSettings = {
				ALWAYS_EMBED_SWIFT_STANDARD_LIBRARIES = YES;
				BUNDLE_LOADER = "$(TEST_HOST)";
				CODE_SIGN_STYLE = Automatic;
				INFOPLIST_FILE = "Pursuitstagram-ProjectTests/Info.plist";
				IPHONEOS_DEPLOYMENT_TARGET = 13.1;
				LD_RUNPATH_SEARCH_PATHS = (
					"$(inherited)",
					"@executable_path/Frameworks",
					"@loader_path/Frameworks",
				);
				PRODUCT_BUNDLE_IDENTIFIER = "Pursuit-Projects.Pursuitstagram-ProjectTests";
				PRODUCT_NAME = "$(TARGET_NAME)";
				SWIFT_VERSION = 5.0;
				TARGETED_DEVICE_FAMILY = "1,2";
				TEST_HOST = "$(BUILT_PRODUCTS_DIR)/Pursuitstagram-Project.app/Pursuitstagram-Project";
			};
			name = Debug;
		};
		A54785222386DB5F00FB3306 /* Release */ = {
			isa = XCBuildConfiguration;
			baseConfigurationReference = 19357167F91AD24E24EE1DE3 /* Pods-Pursuitstagram-ProjectTests.release.xcconfig */;
			buildSettings = {
				ALWAYS_EMBED_SWIFT_STANDARD_LIBRARIES = YES;
				BUNDLE_LOADER = "$(TEST_HOST)";
				CODE_SIGN_STYLE = Automatic;
				INFOPLIST_FILE = "Pursuitstagram-ProjectTests/Info.plist";
				IPHONEOS_DEPLOYMENT_TARGET = 13.1;
				LD_RUNPATH_SEARCH_PATHS = (
					"$(inherited)",
					"@executable_path/Frameworks",
					"@loader_path/Frameworks",
				);
				PRODUCT_BUNDLE_IDENTIFIER = "Pursuit-Projects.Pursuitstagram-ProjectTests";
				PRODUCT_NAME = "$(TARGET_NAME)";
				SWIFT_VERSION = 5.0;
				TARGETED_DEVICE_FAMILY = "1,2";
				TEST_HOST = "$(BUILT_PRODUCTS_DIR)/Pursuitstagram-Project.app/Pursuitstagram-Project";
			};
			name = Release;
		};
/* End XCBuildConfiguration section */

/* Begin XCConfigurationList section */
		A54784F62386DB5900FB3306 /* Build configuration list for PBXProject "Pursuitstagram-Project" */ = {
			isa = XCConfigurationList;
			buildConfigurations = (
				A547851B2386DB5F00FB3306 /* Debug */,
				A547851C2386DB5F00FB3306 /* Release */,
			);
			defaultConfigurationIsVisible = 0;
			defaultConfigurationName = Release;
		};
		A547851D2386DB5F00FB3306 /* Build configuration list for PBXNativeTarget "Pursuitstagram-Project" */ = {
			isa = XCConfigurationList;
			buildConfigurations = (
				A547851E2386DB5F00FB3306 /* Debug */,
				A547851F2386DB5F00FB3306 /* Release */,
			);
			defaultConfigurationIsVisible = 0;
			defaultConfigurationName = Release;
		};
		A54785202386DB5F00FB3306 /* Build configuration list for PBXNativeTarget "Pursuitstagram-ProjectTests" */ = {
			isa = XCConfigurationList;
			buildConfigurations = (
				A54785212386DB5F00FB3306 /* Debug */,
				A54785222386DB5F00FB3306 /* Release */,
			);
			defaultConfigurationIsVisible = 0;
			defaultConfigurationName = Release;
		};
/* End XCConfigurationList section */

/* Begin XCVersionGroup section */
		A54785072386DB5900FB3306 /* Pursuitstagram_Project.xcdatamodeld */ = {
			isa = XCVersionGroup;
			children = (
				A54785082386DB5900FB3306 /* Pursuitstagram_Project.xcdatamodel */,
			);
			currentVersion = A54785082386DB5900FB3306 /* Pursuitstagram_Project.xcdatamodel */;
			path = Pursuitstagram_Project.xcdatamodeld;
			sourceTree = "<group>";
			versionGroupType = wrapper.xcdatamodel;
		};
/* End XCVersionGroup section */
	};
	rootObject = A54784F32386DB5900FB3306 /* Project object */;
}
